
Microsoft Visual Studio Solution File, Format Version 12.00
# Visual Studio Version 17
VisualStudioVersion = 17.0.32126.317
MinimumVisualStudioVersion = 10.0.40219.1
Project("{FAE04EC0-301F-11D3-BF4B-00C04F79EFBC}") = "WazeCredit", "WazeCredit\WazeCredit.csproj", "{316B0B70-1A30-4097-85B4-BEBAA03CDAF5}"
EndProject
Global
	GlobalSection(SolutionConfigurationPlatforms) = preSolution
		Debug|Any CPU = Debug|Any CPU
		Release|Any CPU = Release|Any CPU
	EndGlobalSection
	GlobalSection(ProjectConfigurationPlatforms) = postSolution
		{316B0B70-1A30-4097-85B4-BEBAA03CDAF5}.Debug|Any CPU.ActiveCfg = Debug|Any CPU
		{316B0B70-1A30-4097-85B4-BEBAA03CDAF5}.Debug|Any CPU.Build.0 = Debug|Any CPU
		{316B0B70-1A30-4097-85B4-BEBAA03CDAF5}.Release|Any CPU.ActiveCfg = Release|Any CPU
		{316B0B70-1A30-4097-85B4-BEBAA03CDAF5}.Release|Any CPU.Build.0 = Release|Any CPU
	EndGlobalSection
	GlobalSection(SolutionProperties) = preSolution
		HideSolutionNode = FALSE
	EndGlobalSection
	GlobalSection(ExtensibilityGlobals) = postSolution
		SolutionGuid = {C41D47B1-2FDB-40D2-9CFE-4E5C75E45AA4}
	EndGlobalSection
EndGlobal
